// !$*UTF8*$!
{
	archiveVersion = 1;
	classes = {
	};
	objectVersion = 50;
	objects = {

/* Begin PBXBuildFile section */
		3C2F67F423DBAF11006F9B42 /* SafariActivity.swift in Sources */ = {isa = PBXBuildFile; fileRef = 3C2F67F323DBAF11006F9B42 /* SafariActivity.swift */; };
		3C63D94623D932F400F25D64 /* GiphyApi.swift in Sources */ = {isa = PBXBuildFile; fileRef = 3C63D94523D932F400F25D64 /* GiphyApi.swift */; };
		3C63D94823D9357200F25D64 /* Image.swift in Sources */ = {isa = PBXBuildFile; fileRef = 3C63D94723D9357200F25D64 /* Image.swift */; };
		3CE4191923EBB4D500DB669D /* DetailViewController.swift in Sources */ = {isa = PBXBuildFile; fileRef = 3CE4191823EBB4D500DB669D /* DetailViewController.swift */; };
		3CE4191B23EBB4E000DB669D /* DetailView.swift in Sources */ = {isa = PBXBuildFile; fileRef = 3CE4191A23EBB4E000DB669D /* DetailView.swift */; };
		3CE4191E23EBB6C100DB669D /* UIImageView+downloadImage.swift in Sources */ = {isa = PBXBuildFile; fileRef = 3CE4191D23EBB6C100DB669D /* UIImageView+downloadImage.swift */; };
		3CE9B1A123D91D070075CD2E /* AppDelegate.swift in Sources */ = {isa = PBXBuildFile; fileRef = 3CE9B1A023D91D070075CD2E /* AppDelegate.swift */; };
		3CE9B1A323D91D070075CD2E /* SceneDelegate.swift in Sources */ = {isa = PBXBuildFile; fileRef = 3CE9B1A223D91D070075CD2E /* SceneDelegate.swift */; };
		3CE9B1A523D91D070075CD2E /* RootViewController.swift in Sources */ = {isa = PBXBuildFile; fileRef = 3CE9B1A423D91D070075CD2E /* RootViewController.swift */; };
		3CE9B1AB23D91D070075CD2E /* GIF_Catalogue.xcdatamodeld in Sources */ = {isa = PBXBuildFile; fileRef = 3CE9B1A923D91D070075CD2E /* GIF_Catalogue.xcdatamodeld */; };
		3CE9B1AD23D91D080075CD2E /* Assets.xcassets in Resources */ = {isa = PBXBuildFile; fileRef = 3CE9B1AC23D91D080075CD2E /* Assets.xcassets */; };
		3CE9B1B023D91D080075CD2E /* LaunchScreen.storyboard in Resources */ = {isa = PBXBuildFile; fileRef = 3CE9B1AE23D91D080075CD2E /* LaunchScreen.storyboard */; };
		3CE9B1BB23D91FE00075CD2E /* PopularViewController.swift in Sources */ = {isa = PBXBuildFile; fileRef = 3CE9B1BA23D91FE00075CD2E /* PopularViewController.swift */; };
		3CE9B1BD23D91FEA0075CD2E /* PopularView.swift in Sources */ = {isa = PBXBuildFile; fileRef = 3CE9B1BC23D91FEA0075CD2E /* PopularView.swift */; };
		3CE9B1C023D923030075CD2E /* GIFCollectionViewCell.swift in Sources */ = {isa = PBXBuildFile; fileRef = 3CE9B1BF23D923030075CD2E /* GIFCollectionViewCell.swift */; };
		3CE9B1C223D924B30075CD2E /* Globals.swift in Sources */ = {isa = PBXBuildFile; fileRef = 3CE9B1C123D924B30075CD2E /* Globals.swift */; };
		3CE9B1C523D925070075CD2E /* URLs.swift in Sources */ = {isa = PBXBuildFile; fileRef = 3CE9B1C423D925070075CD2E /* URLs.swift */; };
		3CE9B1C723D925EB0075CD2E /* GiphyRequest.swift in Sources */ = {isa = PBXBuildFile; fileRef = 3CE9B1C623D925EB0075CD2E /* GiphyRequest.swift */; };
		3CE9B1CB23D927990075CD2E /* AppData.swift in Sources */ = {isa = PBXBuildFile; fileRef = 3CE9B1CA23D927990075CD2E /* AppData.swift */; };
		3CE9B1CD23D927A40075CD2E /* GIF.swift in Sources */ = {isa = PBXBuildFile; fileRef = 3CE9B1CC23D927A40075CD2E /* GIF.swift */; };
		C87D0E91F93A9E2D693E4061 /* Pods_GIF_Catalogue.framework in Frameworks */ = {isa = PBXBuildFile; fileRef = CC4112177AC502A53D9964A5 /* Pods_GIF_Catalogue.framework */; };
/* End PBXBuildFile section */

/* Begin PBXFileReference section */
		3C2F67F323DBAF11006F9B42 /* SafariActivity.swift */ = {isa = PBXFileReference; fileEncoding = 4; lastKnownFileType = sourcecode.swift; path = SafariActivity.swift; sourceTree = "<group>"; };
		3C63D94523D932F400F25D64 /* GiphyApi.swift */ = {isa = PBXFileReference; lastKnownFileType = sourcecode.swift; path = GiphyApi.swift; sourceTree = "<group>"; };
		3C63D94723D9357200F25D64 /* Image.swift */ = {isa = PBXFileReference; lastKnownFileType = sourcecode.swift; path = Image.swift; sourceTree = "<group>"; };
		3CE4191823EBB4D500DB669D /* DetailViewController.swift */ = {isa = PBXFileReference; lastKnownFileType = sourcecode.swift; path = DetailViewController.swift; sourceTree = "<group>"; };
		3CE4191A23EBB4E000DB669D /* DetailView.swift */ = {isa = PBXFileReference; lastKnownFileType = sourcecode.swift; path = DetailView.swift; sourceTree = "<group>"; };
		3CE4191D23EBB6C100DB669D /* UIImageView+downloadImage.swift */ = {isa = PBXFileReference; lastKnownFileType = sourcecode.swift; path = "UIImageView+downloadImage.swift"; sourceTree = "<group>"; };
		3CE9B19D23D91D070075CD2E /* GIF Catalogue.app */ = {isa = PBXFileReference; explicitFileType = wrapper.application; includeInIndex = 0; path = "GIF Catalogue.app"; sourceTree = BUILT_PRODUCTS_DIR; };
		3CE9B1A023D91D070075CD2E /* AppDelegate.swift */ = {isa = PBXFileReference; lastKnownFileType = sourcecode.swift; path = AppDelegate.swift; sourceTree = "<group>"; };
		3CE9B1A223D91D070075CD2E /* SceneDelegate.swift */ = {isa = PBXFileReference; lastKnownFileType = sourcecode.swift; path = SceneDelegate.swift; sourceTree = "<group>"; };
		3CE9B1A423D91D070075CD2E /* RootViewController.swift */ = {isa = PBXFileReference; lastKnownFileType = sourcecode.swift; path = RootViewController.swift; sourceTree = "<group>"; };
		3CE9B1AA23D91D070075CD2E /* GIF_Catalogue.xcdatamodel */ = {isa = PBXFileReference; lastKnownFileType = wrapper.xcdatamodel; path = GIF_Catalogue.xcdatamodel; sourceTree = "<group>"; };
		3CE9B1AC23D91D080075CD2E /* Assets.xcassets */ = {isa = PBXFileReference; lastKnownFileType = folder.assetcatalog; path = Assets.xcassets; sourceTree = "<group>"; };
		3CE9B1AF23D91D080075CD2E /* Base */ = {isa = PBXFileReference; lastKnownFileType = file.storyboard; name = Base; path = Base.lproj/LaunchScreen.storyboard; sourceTree = "<group>"; };
		3CE9B1B123D91D080075CD2E /* Info.plist */ = {isa = PBXFileReference; lastKnownFileType = text.plist.xml; path = Info.plist; sourceTree = "<group>"; };
		3CE9B1B723D91D340075CD2E /* GIF Catalogue.entitlements */ = {isa = PBXFileReference; lastKnownFileType = text.plist.entitlements; path = "GIF Catalogue.entitlements"; sourceTree = "<group>"; };
		3CE9B1BA23D91FE00075CD2E /* PopularViewController.swift */ = {isa = PBXFileReference; lastKnownFileType = sourcecode.swift; path = PopularViewController.swift; sourceTree = "<group>"; };
		3CE9B1BC23D91FEA0075CD2E /* PopularView.swift */ = {isa = PBXFileReference; lastKnownFileType = sourcecode.swift; path = PopularView.swift; sourceTree = "<group>"; };
		3CE9B1BF23D923030075CD2E /* GIFCollectionViewCell.swift */ = {isa = PBXFileReference; lastKnownFileType = sourcecode.swift; path = GIFCollectionViewCell.swift; sourceTree = "<group>"; };
		3CE9B1C123D924B30075CD2E /* Globals.swift */ = {isa = PBXFileReference; lastKnownFileType = sourcecode.swift; path = Globals.swift; sourceTree = "<group>"; };
		3CE9B1C423D925070075CD2E /* URLs.swift */ = {isa = PBXFileReference; lastKnownFileType = sourcecode.swift; path = URLs.swift; sourceTree = "<group>"; };
		3CE9B1C623D925EB0075CD2E /* GiphyRequest.swift */ = {isa = PBXFileReference; lastKnownFileType = sourcecode.swift; path = GiphyRequest.swift; sourceTree = "<group>"; };
		3CE9B1CA23D927990075CD2E /* AppData.swift */ = {isa = PBXFileReference; lastKnownFileType = sourcecode.swift; name = AppData.swift; path = "GIF Catalogue/Data/AppData.swift"; sourceTree = SOURCE_ROOT; };
		3CE9B1CC23D927A40075CD2E /* GIF.swift */ = {isa = PBXFileReference; lastKnownFileType = sourcecode.swift; path = GIF.swift; sourceTree = "<group>"; };
		528427C35011DDB4271292B7 /* Pods-GIF Catalogue.release.xcconfig */ = {isa = PBXFileReference; includeInIndex = 1; lastKnownFileType = text.xcconfig; name = "Pods-GIF Catalogue.release.xcconfig"; path = "Target Support Files/Pods-GIF Catalogue/Pods-GIF Catalogue.release.xcconfig"; sourceTree = "<group>"; };
		CBD65037219F2C1D17465147 /* Pods-GIF Catalogue.debug.xcconfig */ = {isa = PBXFileReference; includeInIndex = 1; lastKnownFileType = text.xcconfig; name = "Pods-GIF Catalogue.debug.xcconfig"; path = "Target Support Files/Pods-GIF Catalogue/Pods-GIF Catalogue.debug.xcconfig"; sourceTree = "<group>"; };
		CC4112177AC502A53D9964A5 /* Pods_GIF_Catalogue.framework */ = {isa = PBXFileReference; explicitFileType = wrapper.framework; includeInIndex = 0; path = Pods_GIF_Catalogue.framework; sourceTree = BUILT_PRODUCTS_DIR; };
/* End PBXFileReference section */

/* Begin PBXFrameworksBuildPhase section */
		3CE9B19A23D91D070075CD2E /* Frameworks */ = {
			isa = PBXFrameworksBuildPhase;
			buildActionMask = 2147483647;
			files = (
				C87D0E91F93A9E2D693E4061 /* Pods_GIF_Catalogue.framework in Frameworks */,
			);
			runOnlyForDeploymentPostprocessing = 0;
		};
/* End PBXFrameworksBuildPhase section */

/* Begin PBXGroup section */
		3467CAC9928E788C78F42D7F /* Pods */ = {
			isa = PBXGroup;
			children = (
				CBD65037219F2C1D17465147 /* Pods-GIF Catalogue.debug.xcconfig */,
				528427C35011DDB4271292B7 /* Pods-GIF Catalogue.release.xcconfig */,
			);
			name = Pods;
			path = Pods;
			sourceTree = "<group>";
		};
		3C2F67F223DBAF03006F9B42 /* Misc */ = {
			isa = PBXGroup;
			children = (
				3C2F67F323DBAF11006F9B42 /* SafariActivity.swift */,
			);
			path = Misc;
			sourceTree = "<group>";
		};
		3CE4191723EBB4AF00DB669D /* Detail */ = {
			isa = PBXGroup;
			children = (
				3CE4191823EBB4D500DB669D /* DetailViewController.swift */,
				3CE4191A23EBB4E000DB669D /* DetailView.swift */,
			);
			path = Detail;
			sourceTree = "<group>";
		};
		3CE4191C23EBB6AA00DB669D /* Extensions */ = {
			isa = PBXGroup;
			children = (
				3CE4191D23EBB6C100DB669D /* UIImageView+downloadImage.swift */,
			);
			path = Extensions;
			sourceTree = "<group>";
		};
		3CE9B19423D91D070075CD2E = {
			isa = PBXGroup;
			children = (
				3CE9B19F23D91D070075CD2E /* GIF Catalogue */,
				3CE9B19E23D91D070075CD2E /* Products */,
				3467CAC9928E788C78F42D7F /* Pods */,
				92437804E2B38A47C835CF98 /* Frameworks */,
			);
			sourceTree = "<group>";
		};
		3CE9B19E23D91D070075CD2E /* Products */ = {
			isa = PBXGroup;
			children = (
				3CE9B19D23D91D070075CD2E /* GIF Catalogue.app */,
			);
			name = Products;
			sourceTree = "<group>";
		};
		3CE9B19F23D91D070075CD2E /* GIF Catalogue */ = {
			isa = PBXGroup;
			children = (
				3CE4191C23EBB6AA00DB669D /* Extensions */,
				3CE9B1B723D91D340075CD2E /* GIF Catalogue.entitlements */,
				3CE9B1A023D91D070075CD2E /* AppDelegate.swift */,
				3CE9B1A223D91D070075CD2E /* SceneDelegate.swift */,
				3CE9B1C123D924B30075CD2E /* Globals.swift */,
				3CE9B1C823D9276B0075CD2E /* Data */,
				3C2F67F223DBAF03006F9B42 /* Misc */,
				3CE9B1B823D91F890075CD2E /* UI */,
				3CE9B1AC23D91D080075CD2E /* Assets.xcassets */,
				3CE9B1AE23D91D080075CD2E /* LaunchScreen.storyboard */,
				3CE9B1B123D91D080075CD2E /* Info.plist */,
				3CE9B1A923D91D070075CD2E /* GIF_Catalogue.xcdatamodeld */,
			);
			path = "GIF Catalogue";
			sourceTree = "<group>";
		};
		3CE9B1B823D91F890075CD2E /* UI */ = {
			isa = PBXGroup;
			children = (
				3CE9B1A423D91D070075CD2E /* RootViewController.swift */,
				3CE9B1BE23D922EC0075CD2E /* Common */,
				3CE9B1B923D91FB50075CD2E /* Popular */,
				3CE4191723EBB4AF00DB669D /* Detail */,
			);
			path = UI;
			sourceTree = "<group>";
		};
		3CE9B1B923D91FB50075CD2E /* Popular */ = {
			isa = PBXGroup;
			children = (
				3CE9B1BA23D91FE00075CD2E /* PopularViewController.swift */,
				3CE9B1BC23D91FEA0075CD2E /* PopularView.swift */,
			);
			path = Popular;
			sourceTree = "<group>";
		};
		3CE9B1BE23D922EC0075CD2E /* Common */ = {
			isa = PBXGroup;
			children = (
				3CE9B1BF23D923030075CD2E /* GIFCollectionViewCell.swift */,
			);
			path = Common;
			sourceTree = "<group>";
		};
		3CE9B1C323D924F40075CD2E /* API */ = {
			isa = PBXGroup;
			children = (
				3CE9B1C423D925070075CD2E /* URLs.swift */,
				3CE9B1C623D925EB0075CD2E /* GiphyRequest.swift */,
				3C63D94523D932F400F25D64 /* GiphyApi.swift */,
			);
			path = API;
			sourceTree = "<group>";
		};
		3CE9B1C823D9276B0075CD2E /* Data */ = {
			isa = PBXGroup;
			children = (
				3CE9B1CA23D927990075CD2E /* AppData.swift */,
				3CE9B1C923D927790075CD2E /* Models */,
				3CE9B1C323D924F40075CD2E /* API */,
			);
			path = Data;
			sourceTree = "<group>";
		};
		3CE9B1C923D927790075CD2E /* Models */ = {
			isa = PBXGroup;
			children = (
				3CE9B1CC23D927A40075CD2E /* GIF.swift */,
				3C63D94723D9357200F25D64 /* Image.swift */,
			);
			path = Models;
			sourceTree = "<group>";
		};
		92437804E2B38A47C835CF98 /* Frameworks */ = {
			isa = PBXGroup;
			children = (
				CC4112177AC502A53D9964A5 /* Pods_GIF_Catalogue.framework */,
			);
			name = Frameworks;
			sourceTree = "<group>";
		};
/* End PBXGroup section */

/* Begin PBXNativeTarget section */
		3CE9B19C23D91D070075CD2E /* GIF Catalogue */ = {
			isa = PBXNativeTarget;
			buildConfigurationList = 3CE9B1B423D91D080075CD2E /* Build configuration list for PBXNativeTarget "GIF Catalogue" */;
			buildPhases = (
				45906694F113A5B0A7B12743 /* [CP] Check Pods Manifest.lock */,
				3CE9B19923D91D070075CD2E /* Sources */,
				3CE9B19A23D91D070075CD2E /* Frameworks */,
				3CE9B19B23D91D070075CD2E /* Resources */,
				7DAB814727D28EE869138CD7 /* [CP] Embed Pods Frameworks */,
			);
			buildRules = (
			);
			dependencies = (
			);
			name = "GIF Catalogue";
			productName = "GIF Catalogue";
			productReference = 3CE9B19D23D91D070075CD2E /* GIF Catalogue.app */;
			productType = "com.apple.product-type.application";
		};
/* End PBXNativeTarget section */

/* Begin PBXProject section */
		3CE9B19523D91D070075CD2E /* Project object */ = {
			isa = PBXProject;
			attributes = {
				LastSwiftUpdateCheck = 1130;
				LastUpgradeCheck = 1130;
				ORGANIZATIONNAME = "Geof Crowl";
				TargetAttributes = {
					3CE9B19C23D91D070075CD2E = {
						CreatedOnToolsVersion = 11.3.1;
					};
				};
			};
			buildConfigurationList = 3CE9B19823D91D070075CD2E /* Build configuration list for PBXProject "GIF Catalogue" */;
			compatibilityVersion = "Xcode 9.3";
			developmentRegion = en;
			hasScannedForEncodings = 0;
			knownRegions = (
				en,
				Base,
			);
			mainGroup = 3CE9B19423D91D070075CD2E;
			productRefGroup = 3CE9B19E23D91D070075CD2E /* Products */;
			projectDirPath = "";
			projectRoot = "";
			targets = (
				3CE9B19C23D91D070075CD2E /* GIF Catalogue */,
			);
		};
/* End PBXProject section */

/* Begin PBXResourcesBuildPhase section */
		3CE9B19B23D91D070075CD2E /* Resources */ = {
			isa = PBXResourcesBuildPhase;
			buildActionMask = 2147483647;
			files = (
				3CE9B1B023D91D080075CD2E /* LaunchScreen.storyboard in Resources */,
				3CE9B1AD23D91D080075CD2E /* Assets.xcassets in Resources */,
			);
			runOnlyForDeploymentPostprocessing = 0;
		};
/* End PBXResourcesBuildPhase section */

/* Begin PBXShellScriptBuildPhase section */
		45906694F113A5B0A7B12743 /* [CP] Check Pods Manifest.lock */ = {
			isa = PBXShellScriptBuildPhase;
			buildActionMask = 2147483647;
			files = (
			);
			inputFileListPaths = (
			);
			inputPaths = (
				"${PODS_PODFILE_DIR_PATH}/Podfile.lock",
				"${PODS_ROOT}/Manifest.lock",
			);
			name = "[CP] Check Pods Manifest.lock";
			outputFileListPaths = (
			);
			outputPaths = (
				"$(DERIVED_FILE_DIR)/Pods-GIF Catalogue-checkManifestLockResult.txt",
			);
			runOnlyForDeploymentPostprocessing = 0;
			shellPath = /bin/sh;
			shellScript = "diff \"${PODS_PODFILE_DIR_PATH}/Podfile.lock\" \"${PODS_ROOT}/Manifest.lock\" > /dev/null\nif [ $? != 0 ] ; then\n    # print error to STDERR\n    echo \"error: The sandbox is not in sync with the Podfile.lock. Run 'pod install' or update your CocoaPods installation.\" >&2\n    exit 1\nfi\n# This output is used by Xcode 'outputs' to avoid re-running this script phase.\necho \"SUCCESS\" > \"${SCRIPT_OUTPUT_FILE_0}\"\n";
			showEnvVarsInLog = 0;
		};
		7DAB814727D28EE869138CD7 /* [CP] Embed Pods Frameworks */ = {
			isa = PBXShellScriptBuildPhase;
			buildActionMask = 2147483647;
			files = (
			);
			inputFileListPaths = (
				"${PODS_ROOT}/Target Support Files/Pods-GIF Catalogue/Pods-GIF Catalogue-frameworks-${CONFIGURATION}-input-files.xcfilelist",
			);
			name = "[CP] Embed Pods Frameworks";
			outputFileListPaths = (
				"${PODS_ROOT}/Target Support Files/Pods-GIF Catalogue/Pods-GIF Catalogue-frameworks-${CONFIGURATION}-output-files.xcfilelist",
			);
			runOnlyForDeploymentPostprocessing = 0;
			shellPath = /bin/sh;
			shellScript = "\"${PODS_ROOT}/Target Support Files/Pods-GIF Catalogue/Pods-GIF Catalogue-frameworks.sh\"\n";
			showEnvVarsInLog = 0;
		};
/* End PBXShellScriptBuildPhase section */

/* Begin PBXSourcesBuildPhase section */
		3CE9B19923D91D070075CD2E /* Sources */ = {
			isa = PBXSourcesBuildPhase;
			buildActionMask = 2147483647;
			files = (
				3CE9B1AB23D91D070075CD2E /* GIF_Catalogue.xcdatamodeld in Sources */,
				3CE9B1C523D925070075CD2E /* URLs.swift in Sources */,
				3CE4191B23EBB4E000DB669D /* DetailView.swift in Sources */,
				3CE9B1BB23D91FE00075CD2E /* PopularViewController.swift in Sources */,
				3C63D94623D932F400F25D64 /* GiphyApi.swift in Sources */,
				3CE9B1A523D91D070075CD2E /* RootViewController.swift in Sources */,
				3CE9B1CB23D927990075CD2E /* AppData.swift in Sources */,
				3CE9B1A123D91D070075CD2E /* AppDelegate.swift in Sources */,
				3CE4191923EBB4D500DB669D /* DetailViewController.swift in Sources */,
				3C63D94823D9357200F25D64 /* Image.swift in Sources */,
				3CE9B1CD23D927A40075CD2E /* GIF.swift in Sources */,
				3CE9B1C723D925EB0075CD2E /* GiphyRequest.swift in Sources */,
				3CE4191E23EBB6C100DB669D /* UIImageView+downloadImage.swift in Sources */,
				3C2F67F423DBAF11006F9B42 /* SafariActivity.swift in Sources */,
				3CE9B1C223D924B30075CD2E /* Globals.swift in Sources */,
				3CE9B1C023D923030075CD2E /* GIFCollectionViewCell.swift in Sources */,
				3CE9B1BD23D91FEA0075CD2E /* PopularView.swift in Sources */,
				3CE9B1A323D91D070075CD2E /* SceneDelegate.swift in Sources */,
			);
			runOnlyForDeploymentPostprocessing = 0;
		};
/* End PBXSourcesBuildPhase section */

/* Begin PBXVariantGroup section */
		3CE9B1AE23D91D080075CD2E /* LaunchScreen.storyboard */ = {
			isa = PBXVariantGroup;
			children = (
				3CE9B1AF23D91D080075CD2E /* Base */,
			);
			name = LaunchScreen.storyboard;
			sourceTree = "<group>";
		};
/* End PBXVariantGroup section */

/* Begin XCBuildConfiguration section */
		3CE9B1B223D91D080075CD2E /* Debug */ = {
			isa = XCBuildConfiguration;
			buildSettings = {
				ALWAYS_SEARCH_USER_PATHS = NO;
				CLANG_ANALYZER_NONNULL = YES;
				CLANG_ANALYZER_NUMBER_OBJECT_CONVERSION = YES_AGGRESSIVE;
				CLANG_CXX_LANGUAGE_STANDARD = "gnu++14";
				CLANG_CXX_LIBRARY = "libc++";
				CLANG_ENABLE_MODULES = YES;
				CLANG_ENABLE_OBJC_ARC = YES;
				CLANG_ENABLE_OBJC_WEAK = YES;
				CLANG_WARN_BLOCK_CAPTURE_AUTORELEASING = YES;
				CLANG_WARN_BOOL_CONVERSION = YES;
				CLANG_WARN_COMMA = YES;
				CLANG_WARN_CONSTANT_CONVERSION = YES;
				CLANG_WARN_DEPRECATED_OBJC_IMPLEMENTATIONS = YES;
				CLANG_WARN_DIRECT_OBJC_ISA_USAGE = YES_ERROR;
				CLANG_WARN_DOCUMENTATION_COMMENTS = YES;
				CLANG_WARN_EMPTY_BODY = YES;
				CLANG_WARN_ENUM_CONVERSION = YES;
				CLANG_WARN_INFINITE_RECURSION = YES;
				CLANG_WARN_INT_CONVERSION = YES;
				CLANG_WARN_NON_LITERAL_NULL_CONVERSION = YES;
				CLANG_WARN_OBJC_IMPLICIT_RETAIN_SELF = YES;
				CLANG_WARN_OBJC_LITERAL_CONVERSION = YES;
				CLANG_WARN_OBJC_ROOT_CLASS = YES_ERROR;
				CLANG_WARN_RANGE_LOOP_ANALYSIS = YES;
				CLANG_WARN_STRICT_PROTOTYPES = YES;
				CLANG_WARN_SUSPICIOUS_MOVE = YES;
				CLANG_WARN_UNGUARDED_AVAILABILITY = YES_AGGRESSIVE;
				CLANG_WARN_UNREACHABLE_CODE = YES;
				CLANG_WARN__DUPLICATE_METHOD_MATCH = YES;
				COPY_PHASE_STRIP = NO;
				DEBUG_INFORMATION_FORMAT = dwarf;
				ENABLE_STRICT_OBJC_MSGSEND = YES;
				ENABLE_TESTABILITY = YES;
				GCC_C_LANGUAGE_STANDARD = gnu11;
				GCC_DYNAMIC_NO_PIC = NO;
				GCC_NO_COMMON_BLOCKS = YES;
				GCC_OPTIMIZATION_LEVEL = 0;
				GCC_PREPROCESSOR_DEFINITIONS = (
					"DEBUG=1",
					"$(inherited)",
				);
				GCC_WARN_64_TO_32_BIT_CONVERSION = YES;
				GCC_WARN_ABOUT_RETURN_TYPE = YES_ERROR;
				GCC_WARN_UNDECLARED_SELECTOR = YES;
				GCC_WARN_UNINITIALIZED_AUTOS = YES_AGGRESSIVE;
				GCC_WARN_UNUSED_FUNCTION = YES;
				GCC_WARN_UNUSED_VARIABLE = YES;
				IPHONEOS_DEPLOYMENT_TARGET = 13.2;
				MTL_ENABLE_DEBUG_INFO = INCLUDE_SOURCE;
				MTL_FAST_MATH = YES;
				ONLY_ACTIVE_ARCH = YES;
				SDKROOT = iphoneos;
				SWIFT_ACTIVE_COMPILATION_CONDITIONS = DEBUG;
				SWIFT_OPTIMIZATION_LEVEL = "-Onone";
			};
			name = Debug;
		};
		3CE9B1B323D91D080075CD2E /* Release */ = {
			isa = XCBuildConfiguration;
			buildSettings = {
				ALWAYS_SEARCH_USER_PATHS = NO;
				CLANG_ANALYZER_NONNULL = YES;
				CLANG_ANALYZER_NUMBER_OBJECT_CONVERSION = YES_AGGRESSIVE;
				CLANG_CXX_LANGUAGE_STANDARD = "gnu++14";
				CLANG_CXX_LIBRARY = "libc++";
				CLANG_ENABLE_MODULES = YES;
				CLANG_ENABLE_OBJC_ARC = YES;
				CLANG_ENABLE_OBJC_WEAK = YES;
				CLANG_WARN_BLOCK_CAPTURE_AUTORELEASING = YES;
				CLANG_WARN_BOOL_CONVERSION = YES;
				CLANG_WARN_COMMA = YES;
				CLANG_WARN_CONSTANT_CONVERSION = YES;
				CLANG_WARN_DEPRECATED_OBJC_IMPLEMENTATIONS = YES;
				CLANG_WARN_DIRECT_OBJC_ISA_USAGE = YES_ERROR;
				CLANG_WARN_DOCUMENTATION_COMMENTS = YES;
				CLANG_WARN_EMPTY_BODY = YES;
				CLANG_WARN_ENUM_CONVERSION = YES;
				CLANG_WARN_INFINITE_RECURSION = YES;
				CLANG_WARN_INT_CONVERSION = YES;
				CLANG_WARN_NON_LITERAL_NULL_CONVERSION = YES;
				CLANG_WARN_OBJC_IMPLICIT_RETAIN_SELF = YES;
				CLANG_WARN_OBJC_LITERAL_CONVERSION = YES;
				CLANG_WARN_OBJC_ROOT_CLASS = YES_ERROR;
				CLANG_WARN_RANGE_LOOP_ANALYSIS = YES;
				CLANG_WARN_STRICT_PROTOTYPES = YES;
				CLANG_WARN_SUSPICIOUS_MOVE = YES;
				CLANG_WARN_UNGUARDED_AVAILABILITY = YES_AGGRESSIVE;
				CLANG_WARN_UNREACHABLE_CODE = YES;
				CLANG_WARN__DUPLICATE_METHOD_MATCH = YES;
				COPY_PHASE_STRIP = NO;
				DEBUG_INFORMATION_FORMAT = "dwarf-with-dsym";
				ENABLE_NS_ASSERTIONS = NO;
				ENABLE_STRICT_OBJC_MSGSEND = YES;
				GCC_C_LANGUAGE_STANDARD = gnu11;
				GCC_NO_COMMON_BLOCKS = YES;
				GCC_WARN_64_TO_32_BIT_CONVERSION = YES;
				GCC_WARN_ABOUT_RETURN_TYPE = YES_ERROR;
				GCC_WARN_UNDECLARED_SELECTOR = YES;
				GCC_WARN_UNINITIALIZED_AUTOS = YES_AGGRESSIVE;
				GCC_WARN_UNUSED_FUNCTION = YES;
				GCC_WARN_UNUSED_VARIABLE = YES;
				IPHONEOS_DEPLOYMENT_TARGET = 13.2;
				MTL_ENABLE_DEBUG_INFO = NO;
				MTL_FAST_MATH = YES;
				SDKROOT = iphoneos;
				SWIFT_COMPILATION_MODE = wholemodule;
				SWIFT_OPTIMIZATION_LEVEL = "-O";
				VALIDATE_PRODUCT = YES;
			};
			name = Release;
		};
		3CE9B1B523D91D080075CD2E /* Debug */ = {
			isa = XCBuildConfiguration;
			baseConfigurationReference = CBD65037219F2C1D17465147 /* Pods-GIF Catalogue.debug.xcconfig */;
			buildSettings = {
				ASSETCATALOG_COMPILER_APPICON_NAME = AppIcon;
				CODE_SIGN_ENTITLEMENTS = "GIF Catalogue/GIF Catalogue.entitlements";
				CODE_SIGN_STYLE = Automatic;
				DERIVE_MACCATALYST_PRODUCT_BUNDLE_IDENTIFIER = YES;
				DEVELOPMENT_TEAM = C62KGZ35B8;
				INFOPLIST_FILE = "GIF Catalogue/Info.plist";
				LD_RUNPATH_SEARCH_PATHS = (
					"$(inherited)",
					"@executable_path/Frameworks",
				);
				PRODUCT_BUNDLE_IDENTIFIER = "com.geofcrowl.GIF-Catalogue";
				PRODUCT_NAME = "$(TARGET_NAME)";
				SUPPORTS_MACCATALYST = YES;
				SWIFT_VERSION = 5.0;
				TARGETED_DEVICE_FAMILY = "1,2";
			};
			name = Debug;
		};
		3CE9B1B623D91D080075CD2E /* Release */ = {
			isa = XCBuildConfiguration;
			baseConfigurationReference = 528427C35011DDB4271292B7 /* Pods-GIF Catalogue.release.xcconfig */;
			buildSettings = {
				ASSETCATALOG_COMPILER_APPICON_NAME = AppIcon;
				CODE_SIGN_ENTITLEMENTS = "GIF Catalogue/GIF Catalogue.entitlements";
				CODE_SIGN_STYLE = Automatic;
				DERIVE_MACCATALYST_PRODUCT_BUNDLE_IDENTIFIER = YES;
				DEVELOPMENT_TEAM = C62KGZ35B8;
				INFOPLIST_FILE = "GIF Catalogue/Info.plist";
				LD_RUNPATH_SEARCH_PATHS = (
					"$(inherited)",
					"@executable_path/Frameworks",
				);
				PRODUCT_BUNDLE_IDENTIFIER = "com.geofcrowl.GIF-Catalogue";
				PRODUCT_NAME = "$(TARGET_NAME)";
				SUPPORTS_MACCATALYST = YES;
				SWIFT_VERSION = 5.0;
				TARGETED_DEVICE_FAMILY = "1,2";
			};
			name = Release;
		};
/* End XCBuildConfiguration section */

/* Begin XCConfigurationList section */
		3CE9B19823D91D070075CD2E /* Build configuration list for PBXProject "GIF Catalogue" */ = {
			isa = XCConfigurationList;
			buildConfigurations = (
				3CE9B1B223D91D080075CD2E /* Debug */,
				3CE9B1B323D91D080075CD2E /* Release */,
			);
			defaultConfigurationIsVisible = 0;
			defaultConfigurationName = Release;
		};
		3CE9B1B423D91D080075CD2E /* Build configuration list for PBXNativeTarget "GIF Catalogue" */ = {
			isa = XCConfigurationList;
			buildConfigurations = (
				3CE9B1B523D91D080075CD2E /* Debug */,
				3CE9B1B623D91D080075CD2E /* Release */,
			);
			defaultConfigurationIsVisible = 0;
			defaultConfigurationName = Release;
		};
/* End XCConfigurationList section */

/* Begin XCVersionGroup section */
		3CE9B1A923D91D070075CD2E /* GIF_Catalogue.xcdatamodeld */ = {
			isa = XCVersionGroup;
			children = (
				3CE9B1AA23D91D070075CD2E /* GIF_Catalogue.xcdatamodel */,
			);
			currentVersion = 3CE9B1AA23D91D070075CD2E /* GIF_Catalogue.xcdatamodel */;
			path = GIF_Catalogue.xcdatamodeld;
			sourceTree = "<group>";
			versionGroupType = wrapper.xcdatamodel;
		};
/* End XCVersionGroup section */
	};
	rootObject = 3CE9B19523D91D070075CD2E /* Project object */;
}
